
Microsoft Visual Studio Solution File, Format Version 12.00
# Visual Studio Version 16
VisualStudioVersion = 16.0.29911.84
MinimumVisualStudioVersion = 10.0.40219.1
Project("{FAE04EC0-301F-11D3-BF4B-00C04F79EFBC}") = "Problems", "Problems\Problems.csproj", "{5EDBF221-D0EF-44EF-8259-DAC55B65E579}"
EndProject
Global
	GlobalSection(SolutionConfigurationPlatforms) = preSolution
		Debug|Any CPU = Debug|Any CPU
		Release|Any CPU = Release|Any CPU
	EndGlobalSection
	GlobalSection(ProjectConfigurationPlatforms) = postSolution
		{5EDBF221-D0EF-44EF-8259-DAC55B65E579}.Debug|Any CPU.ActiveCfg = Debug|Any CPU
		{5EDBF221-D0EF-44EF-8259-DAC55B65E579}.Debug|Any CPU.Build.0 = Debug|Any CPU
		{5EDBF221-D0EF-44EF-8259-DAC55B65E579}.Release|Any CPU.ActiveCfg = Release|Any CPU
		{5EDBF221-D0EF-44EF-8259-DAC55B65E579}.Release|Any CPU.Build.0 = Release|Any CPU
	EndGlobalSection
	GlobalSection(SolutionProperties) = preSolution
		HideSolutionNode = FALSE
	EndGlobalSection
	GlobalSection(ExtensibilityGlobals) = postSolution
		SolutionGuid = {8E889DA1-5BEE-43F9-9088-8BEABC09C281}
	EndGlobalSection
EndGlobal
